
Microsoft Visual Studio Solution File, Format Version 12.00
# Visual Studio 15
VisualStudioVersion = 15.0.28307.329
MinimumVisualStudioVersion = 10.0.40219.1
Project("{FAE04EC0-301F-11D3-BF4B-00C04F79EFBC}") = "Test", "Test\Test.csproj", "{DAE25352-3B39-4988-89BC-3D2F7CD86F81}"
EndProject
Global
	GlobalSection(SolutionConfigurationPlatforms) = preSolution
		Debug|Any CPU = Debug|Any CPU
		Release|Any CPU = Release|Any CPU
	EndGlobalSection
	GlobalSection(ProjectConfigurationPlatforms) = postSolution
		{DAE25352-3B39-4988-89BC-3D2F7CD86F81}.Debug|Any CPU.ActiveCfg = Debug|Any CPU
		{DAE25352-3B39-4988-89BC-3D2F7CD86F81}.Debug|Any CPU.Build.0 = Debug|Any CPU
		{DAE25352-3B39-4988-89BC-3D2F7CD86F81}.Release|Any CPU.ActiveCfg = Release|Any CPU
		{DAE25352-3B39-4988-89BC-3D2F7CD86F81}.Release|Any CPU.Build.0 = Release|Any CPU
	EndGlobalSection
	GlobalSection(SolutionProperties) = preSolution
		HideSolutionNode = FALSE
	EndGlobalSection
	GlobalSection(ExtensibilityGlobals) = postSolution
		SolutionGuid = {38CB5455-BB12-45D2-A503-565BB8187864}
	EndGlobalSection
EndGlobal
